
Microsoft Visual Studio Solution File, Format Version 12.00
# Visual Studio Version 16
VisualStudioVersion = 16.0.33801.447
MinimumVisualStudioVersion = 10.0.40219.1
Project("{FAE04EC0-301F-11D3-BF4B-00C04F79EFBC}") = "LakhveerSinghBookStore", "LakhveerSinghBookStore\LakhveerSinghBookStore.csproj", "{B82B4777-2E56-4141-AF9D-F27D48B9E3C3}"
EndProject
Global
	GlobalSection(SolutionConfigurationPlatforms) = preSolution
		Debug|Any CPU = Debug|Any CPU
		Release|Any CPU = Release|Any CPU
	EndGlobalSection
	GlobalSection(ProjectConfigurationPlatforms) = postSolution
		{B82B4777-2E56-4141-AF9D-F27D48B9E3C3}.Debug|Any CPU.ActiveCfg = Debug|Any CPU
		{B82B4777-2E56-4141-AF9D-F27D48B9E3C3}.Debug|Any CPU.Build.0 = Debug|Any CPU
		{B82B4777-2E56-4141-AF9D-F27D48B9E3C3}.Release|Any CPU.ActiveCfg = Release|Any CPU
		{B82B4777-2E56-4141-AF9D-F27D48B9E3C3}.Release|Any CPU.Build.0 = Release|Any CPU
	EndGlobalSection
	GlobalSection(SolutionProperties) = preSolution
		HideSolutionNode = FALSE
	EndGlobalSection
	GlobalSection(ExtensibilityGlobals) = postSolution
		SolutionGuid = {632EED5E-7864-4EF3-8DBA-55CBB921BC24}
	EndGlobalSection
EndGlobal
